
Microsoft Visual Studio Solution File, Format Version 12.00
# Visual Studio Version 17
VisualStudioVersion = 17.13.35919.96
MinimumVisualStudioVersion = 10.0.40219.1
Project("{FAE04EC0-301F-11D3-BF4B-00C04F79EFBC}") = "FlowCore", "FlowCore\FlowCore.csproj", "{2B1C32B6-E549-4138-97B3-B9DF4BC2839C}"
EndProject
Project("{FAE04EC0-301F-11D3-BF4B-00C04F79EFBC}") = "FlowCore.Tests", "FlowCore.Tests\FlowCore.Tests.csproj", "{A1B2C3D4-E5F6-7890-ABCD-EF1234567890}"
EndProject
Project("{FAE04EC0-301F-11D3-BF4B-00C04F79EFBC}") = "FlowCore.RabbitMQ", "FlowCore.RabbitMQ\FlowCore.RabbitMQ.csproj", "{EDB21EE1-82E2-466D-AE1C-69A573577B95}"
EndProject
Project("{FAE04EC0-301F-11D3-BF4B-00C04F79EFBC}") = "FlowCore.Kafka", "FlowCore.Kafka\FlowCore.Kafka.csproj", "{6CED4872-BA3F-43E8-BDC7-61F48763FFD5}"
EndProject
Project("{FAE04EC0-301F-11D3-BF4B-00C04F79EFBC}") = "FlowCore.Generators", "FlowCore.Generators\FlowCore.Generators.csproj", "{CF6F75FB-E3F1-4985-B379-F1EF9DABA034}"
EndProject
Global
	GlobalSection(SolutionConfigurationPlatforms) = preSolution
		Debug|Any CPU = Debug|Any CPU
		Debug|x64 = Debug|x64
		Debug|x86 = Debug|x86
		Release|Any CPU = Release|Any CPU
		Release|x64 = Release|x64
		Release|x86 = Release|x86
	EndGlobalSection
	GlobalSection(ProjectConfigurationPlatforms) = postSolution
		{2B1C32B6-E549-4138-97B3-B9DF4BC2839C}.Debug|Any CPU.ActiveCfg = Debug|Any CPU
		{2B1C32B6-E549-4138-97B3-B9DF4BC2839C}.Debug|Any CPU.Build.0 = Debug|Any CPU
		{2B1C32B6-E549-4138-97B3-B9DF4BC2839C}.Debug|x64.ActiveCfg = Debug|Any CPU
		{2B1C32B6-E549-4138-97B3-B9DF4BC2839C}.Debug|x64.Build.0 = Debug|Any CPU
		{2B1C32B6-E549-4138-97B3-B9DF4BC2839C}.Debug|x86.ActiveCfg = Debug|Any CPU
		{2B1C32B6-E549-4138-97B3-B9DF4BC2839C}.Debug|x86.Build.0 = Debug|Any CPU
		{2B1C32B6-E549-4138-97B3-B9DF4BC2839C}.Release|Any CPU.ActiveCfg = Release|Any CPU
		{2B1C32B6-E549-4138-97B3-B9DF4BC2839C}.Release|Any CPU.Build.0 = Release|Any CPU
		{2B1C32B6-E549-4138-97B3-B9DF4BC2839C}.Release|x64.ActiveCfg = Release|Any CPU
		{2B1C32B6-E549-4138-97B3-B9DF4BC2839C}.Release|x64.Build.0 = Release|Any CPU
		{2B1C32B6-E549-4138-97B3-B9DF4BC2839C}.Release|x86.ActiveCfg = Release|Any CPU
		{2B1C32B6-E549-4138-97B3-B9DF4BC2839C}.Release|x86.Build.0 = Release|Any CPU
		{A1B2C3D4-E5F6-7890-ABCD-EF1234567890}.Debug|Any CPU.ActiveCfg = Debug|Any CPU
		{A1B2C3D4-E5F6-7890-ABCD-EF1234567890}.Debug|Any CPU.Build.0 = Debug|Any CPU
		{A1B2C3D4-E5F6-7890-ABCD-EF1234567890}.Debug|x64.ActiveCfg = Debug|Any CPU
		{A1B2C3D4-E5F6-7890-ABCD-EF1234567890}.Debug|x64.Build.0 = Debug|Any CPU
		{A1B2C3D4-E5F6-7890-ABCD-EF1234567890}.Debug|x86.ActiveCfg = Debug|Any CPU
		{A1B2C3D4-E5F6-7890-ABCD-EF1234567890}.Debug|x86.Build.0 = Debug|Any CPU
		{A1B2C3D4-E5F6-7890-ABCD-EF1234567890}.Release|Any CPU.ActiveCfg = Release|Any CPU
		{A1B2C3D4-E5F6-7890-ABCD-EF1234567890}.Release|Any CPU.Build.0 = Release|Any CPU
		{A1B2C3D4-E5F6-7890-ABCD-EF1234567890}.Release|x64.ActiveCfg = Release|Any CPU
		{A1B2C3D4-E5F6-7890-ABCD-EF1234567890}.Release|x64.Build.0 = Release|Any CPU
		{A1B2C3D4-E5F6-7890-ABCD-EF1234567890}.Release|x86.ActiveCfg = Release|Any CPU
		{A1B2C3D4-E5F6-7890-ABCD-EF1234567890}.Release|x86.Build.0 = Release|Any CPU
		{EDB21EE1-82E2-466D-AE1C-69A573577B95}.Debug|Any CPU.ActiveCfg = Debug|Any CPU
		{EDB21EE1-82E2-466D-AE1C-69A573577B95}.Debug|Any CPU.Build.0 = Debug|Any CPU
		{EDB21EE1-82E2-466D-AE1C-69A573577B95}.Debug|x64.ActiveCfg = Debug|Any CPU
		{EDB21EE1-82E2-466D-AE1C-69A573577B95}.Debug|x64.Build.0 = Debug|Any CPU
		{EDB21EE1-82E2-466D-AE1C-69A573577B95}.Debug|x86.ActiveCfg = Debug|Any CPU
		{EDB21EE1-82E2-466D-AE1C-69A573577B95}.Debug|x86.Build.0 = Debug|Any CPU
		{EDB21EE1-82E2-466D-AE1C-69A573577B95}.Release|Any CPU.ActiveCfg = Release|Any CPU
		{EDB21EE1-82E2-466D-AE1C-69A573577B95}.Release|Any CPU.Build.0 = Release|Any CPU
		{EDB21EE1-82E2-466D-AE1C-69A573577B95}.Release|x64.ActiveCfg = Release|Any CPU
		{EDB21EE1-82E2-466D-AE1C-69A573577B95}.Release|x64.Build.0 = Release|Any CPU
		{EDB21EE1-82E2-466D-AE1C-69A573577B95}.Release|x86.ActiveCfg = Release|Any CPU
		{EDB21EE1-82E2-466D-AE1C-69A573577B95}.Release|x86.Build.0 = Release|Any CPU
		{6CED4872-BA3F-43E8-BDC7-61F48763FFD5}.Debug|Any CPU.ActiveCfg = Debug|Any CPU
		{6CED4872-BA3F-43E8-BDC7-61F48763FFD5}.Debug|Any CPU.Build.0 = Debug|Any CPU
		{6CED4872-BA3F-43E8-BDC7-61F48763FFD5}.Debug|x64.ActiveCfg = Debug|Any CPU
		{6CED4872-BA3F-43E8-BDC7-61F48763FFD5}.Debug|x64.Build.0 = Debug|Any CPU
		{6CED4872-BA3F-43E8-BDC7-61F48763FFD5}.Debug|x86.ActiveCfg = Debug|Any CPU
		{6CED4872-BA3F-43E8-BDC7-61F48763FFD5}.Debug|x86.Build.0 = Debug|Any CPU
		{6CED4872-BA3F-43E8-BDC7-61F48763FFD5}.Release|Any CPU.ActiveCfg = Release|Any CPU
		{6CED4872-BA3F-43E8-BDC7-61F48763FFD5}.Release|Any CPU.Build.0 = Release|Any CPU
		{6CED4872-BA3F-43E8-BDC7-61F48763FFD5}.Release|x64.ActiveCfg = Release|Any CPU
		{6CED4872-BA3F-43E8-BDC7-61F48763FFD5}.Release|x64.Build.0 = Release|Any CPU
		{6CED4872-BA3F-43E8-BDC7-61F48763FFD5}.Release|x86.ActiveCfg = Release|Any CPU
		{6CED4872-BA3F-43E8-BDC7-61F48763FFD5}.Release|x86.Build.0 = Release|Any CPU
		{CF6F75FB-E3F1-4985-B379-F1EF9DABA034}.Debug|Any CPU.ActiveCfg = Debug|Any CPU
		{CF6F75FB-E3F1-4985-B379-F1EF9DABA034}.Debug|Any CPU.Build.0 = Debug|Any CPU
		{CF6F75FB-E3F1-4985-B379-F1EF9DABA034}.Debug|x64.ActiveCfg = Debug|Any CPU
		{CF6F75FB-E3F1-4985-B379-F1EF9DABA034}.Debug|x64.Build.0 = Debug|Any CPU
		{CF6F75FB-E3F1-4985-B379-F1EF9DABA034}.Debug|x86.ActiveCfg = Debug|Any CPU
		{CF6F75FB-E3F1-4985-B379-F1EF9DABA034}.Debug|x86.Build.0 = Debug|Any CPU
		{CF6F75FB-E3F1-4985-B379-F1EF9DABA034}.Release|Any CPU.ActiveCfg = Release|Any CPU
		{CF6F75FB-E3F1-4985-B379-F1EF9DABA034}.Release|Any CPU.Build.0 = Release|Any CPU
		{CF6F75FB-E3F1-4985-B379-F1EF9DABA034}.Release|x64.ActiveCfg = Release|Any CPU
		{CF6F75FB-E3F1-4985-B379-F1EF9DABA034}.Release|x64.Build.0 = Release|Any CPU
		{CF6F75FB-E3F1-4985-B379-F1EF9DABA034}.Release|x86.ActiveCfg = Release|Any CPU
		{CF6F75FB-E3F1-4985-B379-F1EF9DABA034}.Release|x86.Build.0 = Release|Any CPU
	EndGlobalSection
	GlobalSection(SolutionProperties) = preSolution
		HideSolutionNode = FALSE
	EndGlobalSection
	GlobalSection(ExtensibilityGlobals) = postSolution
		SolutionGuid = {19DDC681-E48B-4200-A718-948A63D630BB}
	EndGlobalSection
EndGlobal
